// !$*UTF8*$!
{
	archiveVersion = 1;
	classes = {
	};
	objectVersion = 48;
	objects = {

/* Begin PBXBuildFile section */
		7E12AA101FFFB10500F2F491 /* AppDelegate.swift in Sources */ = {isa = PBXBuildFile; fileRef = 7E12AA0F1FFFB10500F2F491 /* AppDelegate.swift */; };
		7E12AA121FFFB10500F2F491 /* ViewController.swift in Sources */ = {isa = PBXBuildFile; fileRef = 7E12AA111FFFB10500F2F491 /* ViewController.swift */; };
		7E12AA151FFFB10500F2F491 /* Main.storyboard in Resources */ = {isa = PBXBuildFile; fileRef = 7E12AA131FFFB10500F2F491 /* Main.storyboard */; };
		7E12AA171FFFB10500F2F491 /* Assets.xcassets in Resources */ = {isa = PBXBuildFile; fileRef = 7E12AA161FFFB10500F2F491 /* Assets.xcassets */; };
		7E12AA1A1FFFB10500F2F491 /* LaunchScreen.storyboard in Resources */ = {isa = PBXBuildFile; fileRef = 7E12AA181FFFB10500F2F491 /* LaunchScreen.storyboard */; };
		7E12AA251FFFB10600F2F491 /* HelloWorldTests.swift in Sources */ = {isa = PBXBuildFile; fileRef = 7E12AA241FFFB10600F2F491 /* HelloWorldTests.swift */; };
		7E12AA301FFFB10600F2F491 /* HelloWorldUITests.swift in Sources */ = {isa = PBXBuildFile; fileRef = 7E12AA2F1FFFB10600F2F491 /* HelloWorldUITests.swift */; };
/* End PBXBuildFile section */

/* Begin PBXContainerItemProxy section */
		7E12AA211FFFB10600F2F491 /* PBXContainerItemProxy */ = {
			isa = PBXContainerItemProxy;
			containerPortal = 7E12AA041FFFB10500F2F491 /* Project object */;
			proxyType = 1;
			remoteGlobalIDString = 7E12AA0B1FFFB10500F2F491;
			remoteInfo = HelloWorld;
		};
		7E12AA2C1FFFB10600F2F491 /* PBXContainerItemProxy */ = {
			isa = PBXContainerItemProxy;
			containerPortal = 7E12AA041FFFB10500F2F491 /* Project object */;
			proxyType = 1;
			remoteGlobalIDString = 7E12AA0B1FFFB10500F2F491;
			remoteInfo = HelloWorld;
		};
/* End PBXContainerItemProxy section */

/* Begin PBXFileReference section */
		7E12AA0C1FFFB10500F2F491 /* HelloWorld.app */ = {isa = PBXFileReference; explicitFileType = wrapper.application; includeInIndex = 0; path = HelloWorld.app; sourceTree = BUILT_PRODUCTS_DIR; };
		7E12AA0F1FFFB10500F2F491 /* AppDelegate.swift */ = {isa = PBXFileReference; lastKnownFileType = sourcecode.swift; path = AppDelegate.swift; sourceTree = "<group>"; };
		7E12AA111FFFB10500F2F491 /* ViewController.swift */ = {isa = PBXFileReference; lastKnownFileType = sourcecode.swift; path = ViewController.swift; sourceTree = "<group>"; };
		7E12AA141FFFB10500F2F491 /* Base */ = {isa = PBXFileReference; lastKnownFileType = file.storyboard; name = Base; path = Base.lproj/Main.storyboard; sourceTree = "<group>"; };
		7E12AA161FFFB10500F2F491 /* Assets.xcassets */ = {isa = PBXFileReference; lastKnownFileType = folder.assetcatalog; path = Assets.xcassets; sourceTree = "<group>"; };
		7E12AA191FFFB10500F2F491 /* Base */ = {isa = PBXFileReference; lastKnownFileType = file.storyboard; name = Base; path = Base.lproj/LaunchScreen.storyboard; sourceTree = "<group>"; };
		7E12AA1B1FFFB10600F2F491 /* Info.plist */ = {isa = PBXFileReference; lastKnownFileType = text.plist.xml; path = Info.plist; sourceTree = "<group>"; };
		7E12AA201FFFB10600F2F491 /* HelloWorldTests.xctest */ = {isa = PBXFileReference; explicitFileType = wrapper.cfbundle; includeInIndex = 0; path = HelloWorldTests.xctest; sourceTree = BUILT_PRODUCTS_DIR; };
		7E12AA241FFFB10600F2F491 /* HelloWorldTests.swift */ = {isa = PBXFileReference; lastKnownFileType = sourcecode.swift; path = HelloWorldTests.swift; sourceTree = "<group>"; };
		7E12AA261FFFB10600F2F491 /* Info.plist */ = {isa = PBXFileReference; lastKnownFileType = text.plist.xml; path = Info.plist; sourceTree = "<group>"; };
		7E12AA2B1FFFB10600F2F491 /* HelloWorldUITests.xctest */ = {isa = PBXFileReference; explicitFileType = wrapper.cfbundle; includeInIndex = 0; path = HelloWorldUITests.xctest; sourceTree = BUILT_PRODUCTS_DIR; };
		7E12AA2F1FFFB10600F2F491 /* HelloWorldUITests.swift */ = {isa = PBXFileReference; lastKnownFileType = sourcecode.swift; path = HelloWorldUITests.swift; sourceTree = "<group>"; };
		7E12AA311FFFB10600F2F491 /* Info.plist */ = {isa = PBXFileReference; lastKnownFileType = text.plist.xml; path = Info.plist; sourceTree = "<group>"; };
/* End PBXFileReference section */

/* Begin PBXFrameworksBuildPhase section */
		7E12AA091FFFB10500F2F491 /* Frameworks */ = {
			isa = PBXFrameworksBuildPhase;
			buildActionMask = 2147483647;
			files = (
			);
			runOnlyForDeploymentPostprocessing = 0;
		};
		7E12AA1D1FFFB10600F2F491 /* Frameworks */ = {
			isa = PBXFrameworksBuildPhase;
			buildActionMask = 2147483647;
			files = (
			);
			runOnlyForDeploymentPostprocessing = 0;
		};
		7E12AA281FFFB10600F2F491 /* Frameworks */ = {
			isa = PBXFrameworksBuildPhase;
			buildActionMask = 2147483647;
			files = (
			);
			runOnlyForDeploymentPostprocessing = 0;
		};
/* End PBXFrameworksBuildPhase section */

/* Begin PBXGroup section */
		7E12AA031FFFB10500F2F491 = {
			isa = PBXGroup;
			children = (
				7E12AA0E1FFFB10500F2F491 /* HelloWorld */,
				7E12AA231FFFB10600F2F491 /* HelloWorldTests */,
				7E12AA2E1FFFB10600F2F491 /* HelloWorldUITests */,
				7E12AA0D1FFFB10500F2F491 /* Products */,
			);
			sourceTree = "<group>";
		};
		7E12AA0D1FFFB10500F2F491 /* Products */ = {
			isa = PBXGroup;
			children = (
				7E12AA0C1FFFB10500F2F491 /* HelloWorld.app */,
				7E12AA201FFFB10600F2F491 /* HelloWorldTests.xctest */,
				7E12AA2B1FFFB10600F2F491 /* HelloWorldUITests.xctest */,
			);
			name = Products;
			sourceTree = "<group>";
		};
		7E12AA0E1FFFB10500F2F491 /* HelloWorld */ = {
			isa = PBXGroup;
			children = (
				7E12AA0F1FFFB10500F2F491 /* AppDelegate.swift */,
				7E12AA111FFFB10500F2F491 /* ViewController.swift */,
				7E12AA131FFFB10500F2F491 /* Main.storyboard */,
				7E12AA161FFFB10500F2F491 /* Assets.xcassets */,
				7E12AA181FFFB10500F2F491 /* LaunchScreen.storyboard */,
				7E12AA1B1FFFB10600F2F491 /* Info.plist */,
			);
			path = HelloWorld;
			sourceTree = "<group>";
		};
		7E12AA231FFFB10600F2F491 /* HelloWorldTests */ = {
			isa = PBXGroup;
			children = (
				7E12AA241FFFB10600F2F491 /* HelloWorldTests.swift */,
				7E12AA261FFFB10600F2F491 /* Info.plist */,
			);
			path = HelloWorldTests;
			sourceTree = "<group>";
		};
		7E12AA2E1FFFB10600F2F491 /* HelloWorldUITests */ = {
			isa = PBXGroup;
			children = (
				7E12AA2F1FFFB10600F2F491 /* HelloWorldUITests.swift */,
				7E12AA311FFFB10600F2F491 /* Info.plist */,
			);
			path = HelloWorldUITests;
			sourceTree = "<group>";
		};
/* End PBXGroup section */

/* Begin PBXNativeTarget section */
		7E12AA0B1FFFB10500F2F491 /* HelloWorld */ = {
			isa = PBXNativeTarget;
			buildConfigurationList = 7E12AA341FFFB10600F2F491 /* Build configuration list for PBXNativeTarget "HelloWorld" */;
			buildPhases = (
				7E12AA081FFFB10500F2F491 /* Sources */,
				7E12AA091FFFB10500F2F491 /* Frameworks */,
				7E12AA0A1FFFB10500F2F491 /* Resources */,
			);
			buildRules = (
			);
			dependencies = (
			);
			name = HelloWorld;
			productName = HelloWorld;
			productReference = 7E12AA0C1FFFB10500F2F491 /* HelloWorld.app */;
			productType = "com.apple.product-type.application";
		};
		7E12AA1F1FFFB10600F2F491 /* HelloWorldTests */ = {
			isa = PBXNativeTarget;
			buildConfigurationList = 7E12AA371FFFB10600F2F491 /* Build configuration list for PBXNativeTarget "HelloWorldTests" */;
			buildPhases = (
				7E12AA1C1FFFB10600F2F491 /* Sources */,
				7E12AA1D1FFFB10600F2F491 /* Frameworks */,
				7E12AA1E1FFFB10600F2F491 /* Resources */,
			);
			buildRules = (
			);
			dependencies = (
				7E12AA221FFFB10600F2F491 /* PBXTargetDependency */,
			);
			name = HelloWorldTests;
			productName = HelloWorldTests;
			productReference = 7E12AA201FFFB10600F2F491 /* HelloWorldTests.xctest */;
			productType = "com.apple.product-type.bundle.unit-test";
		};
		7E12AA2A1FFFB10600F2F491 /* HelloWorldUITests */ = {
			isa = PBXNativeTarget;
			buildConfigurationList = 7E12AA3A1FFFB10600F2F491 /* Build configuration list for PBXNativeTarget "HelloWorldUITests" */;
			buildPhases = (
				7E12AA271FFFB10600F2F491 /* Sources */,
				7E12AA281FFFB10600F2F491 /* Frameworks */,
				7E12AA291FFFB10600F2F491 /* Resources */,
			);
			buildRules = (
			);
			dependencies = (
				7E12AA2D1FFFB10600F2F491 /* PBXTargetDependency */,
			);
			name = HelloWorldUITests;
			productName = HelloWorldUITests;
			productReference = 7E12AA2B1FFFB10600F2F491 /* HelloWorldUITests.xctest */;
			productType = "com.apple.product-type.bundle.ui-testing";
		};
/* End PBXNativeTarget section */

/* Begin PBXProject section */
		7E12AA041FFFB10500F2F491 /* Project object */ = {
			isa = PBXProject;
			attributes = {
				LastSwiftUpdateCheck = 0920;
				LastUpgradeCheck = 0920;
				ORGANIZATIONNAME = "9zest Inc";
				TargetAttributes = {
					7E12AA0B1FFFB10500F2F491 = {
						CreatedOnToolsVersion = 9.2;
						ProvisioningStyle = Automatic;
					};
					7E12AA1F1FFFB10600F2F491 = {
						CreatedOnToolsVersion = 9.2;
						ProvisioningStyle = Automatic;
						TestTargetID = 7E12AA0B1FFFB10500F2F491;
					};
					7E12AA2A1FFFB10600F2F491 = {
						CreatedOnToolsVersion = 9.2;
						ProvisioningStyle = Automatic;
						TestTargetID = 7E12AA0B1FFFB10500F2F491;
					};
				};
			};
			buildConfigurationList = 7E12AA071FFFB10500F2F491 /* Build configuration list for PBXProject "HelloWorld" */;
			compatibilityVersion = "Xcode 8.0";
			developmentRegion = en;
			hasScannedForEncodings = 0;
			knownRegions = (
				en,
				Base,
			);
			mainGroup = 7E12AA031FFFB10500F2F491;
			productRefGroup = 7E12AA0D1FFFB10500F2F491 /* Products */;
			projectDirPath = "";
			projectRoot = "";
			targets = (
				7E12AA0B1FFFB10500F2F491 /* HelloWorld */,
				7E12AA1F1FFFB10600F2F491 /* HelloWorldTests */,
				7E12AA2A1FFFB10600F2F491 /* HelloWorldUITests */,
			);
		};
/* End PBXProject section */

/* Begin PBXResourcesBuildPhase section */
		7E12AA0A1FFFB10500F2F491 /* Resources */ = {
			isa = PBXResourcesBuildPhase;
			buildActionMask = 2147483647;
			files = (
				7E12AA1A1FFFB10500F2F491 /* LaunchScreen.storyboard in Resources */,
				7E12AA171FFFB10500F2F491 /* Assets.xcassets in Resources */,
				7E12AA151FFFB10500F2F491 /* Main.storyboard in Resources */,
			);
			runOnlyForDeploymentPostprocessing = 0;
		};
		7E12AA1E1FFFB10600F2F491 /* Resources */ = {
			isa = PBXResourcesBuildPhase;
			buildActionMask = 2147483647;
			files = (
			);
			runOnlyForDeploymentPostprocessing = 0;
		};
		7E12AA291FFFB10600F2F491 /* Resources */ = {
			isa = PBXResourcesBuildPhase;
			buildActionMask = 2147483647;
			files = (
			);
			runOnlyForDeploymentPostprocessing = 0;
		};
/* End PBXResourcesBuildPhase section */

/* Begin PBXSourcesBuildPhase section */
		7E12AA081FFFB10500F2F491 /* Sources */ = {
			isa = PBXSourcesBuildPhase;
			buildActionMask = 2147483647;
			files = (
				7E12AA121FFFB10500F2F491 /* ViewController.swift in Sources */,
				7E12AA101FFFB10500F2F491 /* AppDelegate.swift in Sources */,
			);
			runOnlyForDeploymentPostprocessing = 0;
		};
		7E12AA1C1FFFB10600F2F491 /* Sources */ = {
			isa = PBXSourcesBuildPhase;
			buildActionMask = 2147483647;
			files = (
				7E12AA251FFFB10600F2F491 /* HelloWorldTests.swift in Sources */,
			);
			runOnlyForDeploymentPostprocessing = 0;
		};
		7E12AA271FFFB10600F2F491 /* Sources */ = {
			isa = PBXSourcesBuildPhase;
			buildActionMask = 2147483647;
			files = (
				7E12AA301FFFB10600F2F491 /* HelloWorldUITests.swift in Sources */,
			);
			runOnlyForDeploymentPostprocessing = 0;
		};
/* End PBXSourcesBuildPhase section */

/* Begin PBXTargetDependency section */
		7E12AA221FFFB10600F2F491 /* PBXTargetDependency */ = {
			isa = PBXTargetDependency;
			target = 7E12AA0B1FFFB10500F2F491 /* HelloWorld */;
			targetProxy = 7E12AA211FFFB10600F2F491 /* PBXContainerItemProxy */;
		};
		7E12AA2D1FFFB10600F2F491 /* PBXTargetDependency */ = {
			isa = PBXTargetDependency;
			target = 7E12AA0B1FFFB10500F2F491 /* HelloWorld */;
			targetProxy = 7E12AA2C1FFFB10600F2F491 /* PBXContainerItemProxy */;
		};
/* End PBXTargetDependency section */

/* Begin PBXVariantGroup section */
		7E12AA131FFFB10500F2F491 /* Main.storyboard */ = {
			isa = PBXVariantGroup;
			children = (
				7E12AA141FFFB10500F2F491 /* Base */,
			);
			name = Main.storyboard;
			sourceTree = "<group>";
		};
		7E12AA181FFFB10500F2F491 /* LaunchScreen.storyboard */ = {
			isa = PBXVariantGroup;
			children = (
				7E12AA191FFFB10500F2F491 /* Base */,
			);
			name = LaunchScreen.storyboard;
			sourceTree = "<group>";
		};
/* End PBXVariantGroup section */

/* Begin XCBuildConfiguration section */
		7E12AA321FFFB10600F2F491 /* Debug */ = {
			isa = XCBuildConfiguration;
			buildSettings = {
				ALWAYS_SEARCH_USER_PATHS = NO;
				CLANG_ANALYZER_NONNULL = YES;
				CLANG_ANALYZER_NUMBER_OBJECT_CONVERSION = YES_AGGRESSIVE;
				CLANG_CXX_LANGUAGE_STANDARD = "gnu++14";
				CLANG_CXX_LIBRARY = "libc++";
				CLANG_ENABLE_MODULES = YES;
				CLANG_ENABLE_OBJC_ARC = YES;
				CLANG_WARN_BLOCK_CAPTURE_AUTORELEASING = YES;
				CLANG_WARN_BOOL_CONVERSION = YES;
				CLANG_WARN_COMMA = YES;
				CLANG_WARN_CONSTANT_CONVERSION = YES;
				CLANG_WARN_DIRECT_OBJC_ISA_USAGE = YES_ERROR;
				CLANG_WARN_DOCUMENTATION_COMMENTS = YES;
				CLANG_WARN_EMPTY_BODY = YES;
				CLANG_WARN_ENUM_CONVERSION = YES;
				CLANG_WARN_INFINITE_RECURSION = YES;
				CLANG_WARN_INT_CONVERSION = YES;
				CLANG_WARN_NON_LITERAL_NULL_CONVERSION = YES;
				CLANG_WARN_OBJC_LITERAL_CONVERSION = YES;
				CLANG_WARN_OBJC_ROOT_CLASS = YES_ERROR;
				CLANG_WARN_RANGE_LOOP_ANALYSIS = YES;
				CLANG_WARN_STRICT_PROTOTYPES = YES;
				CLANG_WARN_SUSPICIOUS_MOVE = YES;
				CLANG_WARN_UNGUARDED_AVAILABILITY = YES_AGGRESSIVE;
				CLANG_WARN_UNREACHABLE_CODE = YES;
				CLANG_WARN__DUPLICATE_METHOD_MATCH = YES;
				CODE_SIGN_IDENTITY = "iPhone Developer";
				COPY_PHASE_STRIP = NO;
				DEBUG_INFORMATION_FORMAT = dwarf;
				ENABLE_STRICT_OBJC_MSGSEND = YES;
				ENABLE_TESTABILITY = YES;
				GCC_C_LANGUAGE_STANDARD = gnu11;
				GCC_DYNAMIC_NO_PIC = NO;
				GCC_NO_COMMON_BLOCKS = YES;
				GCC_OPTIMIZATION_LEVEL = 0;
				GCC_PREPROCESSOR_DEFINITIONS = (
					"DEBUG=1",
					"$(inherited)",
				);
				GCC_WARN_64_TO_32_BIT_CONVERSION = YES;
				GCC_WARN_ABOUT_RETURN_TYPE = YES_ERROR;
				GCC_WARN_UNDECLARED_SELECTOR = YES;
				GCC_WARN_UNINITIALIZED_AUTOS = YES_AGGRESSIVE;
				GCC_WARN_UNUSED_FUNCTION = YES;
				GCC_WARN_UNUSED_VARIABLE = YES;
				IPHONEOS_DEPLOYMENT_TARGET = 11.2;
				MTL_ENABLE_DEBUG_INFO = YES;
				ONLY_ACTIVE_ARCH = YES;
				SDKROOT = iphoneos;
				SWIFT_ACTIVE_COMPILATION_CONDITIONS = DEBUG;
				SWIFT_OPTIMIZATION_LEVEL = "-Onone";
			};
			name = Debug;
		};
		7E12AA331FFFB10600F2F491 /* Release */ = {
			isa = XCBuildConfiguration;
			buildSettings = {
				ALWAYS_SEARCH_USER_PATHS = NO;
				CLANG_ANALYZER_NONNULL = YES;
				CLANG_ANALYZER_NUMBER_OBJECT_CONVERSION = YES_AGGRESSIVE;
				CLANG_CXX_LANGUAGE_STANDARD = "gnu++14";
				CLANG_CXX_LIBRARY = "libc++";
				CLANG_ENABLE_MODULES = YES;
				CLANG_ENABLE_OBJC_ARC = YES;
				CLANG_WARN_BLOCK_CAPTURE_AUTORELEASING = YES;
				CLANG_WARN_BOOL_CONVERSION = YES;
				CLANG_WARN_COMMA = YES;
				CLANG_WARN_CONSTANT_CONVERSION = YES;
				CLANG_WARN_DIRECT_OBJC_ISA_USAGE = YES_ERROR;
				CLANG_WARN_DOCUMENTATION_COMMENTS = YES;
				CLANG_WARN_EMPTY_BODY = YES;
				CLANG_WARN_ENUM_CONVERSION = YES;
				CLANG_WARN_INFINITE_RECURSION = YES;
				CLANG_WARN_INT_CONVERSION = YES;
				CLANG_WARN_NON_LITERAL_NULL_CONVERSION = YES;
				CLANG_WARN_OBJC_LITERAL_CONVERSION = YES;
				CLANG_WARN_OBJC_ROOT_CLASS = YES_ERROR;
				CLANG_WARN_RANGE_LOOP_ANALYSIS = YES;
				CLANG_WARN_STRICT_PROTOTYPES = YES;
				CLANG_WARN_SUSPICIOUS_MOVE = YES;
				CLANG_WARN_UNGUARDED_AVAILABILITY = YES_AGGRESSIVE;
				CLANG_WARN_UNREACHABLE_CODE = YES;
				CLANG_WARN__DUPLICATE_METHOD_MATCH = YES;
				CODE_SIGN_IDENTITY = "iPhone Developer";
				COPY_PHASE_STRIP = NO;
				DEBUG_INFORMATION_FORMAT = "dwarf-with-dsym";
				ENABLE_NS_ASSERTIONS = NO;
				ENABLE_STRICT_OBJC_MSGSEND = YES;
				GCC_C_LANGUAGE_STANDARD = gnu11;
				GCC_NO_COMMON_BLOCKS = YES;
				GCC_WARN_64_TO_32_BIT_CONVERSION = YES;
				GCC_WARN_ABOUT_RETURN_TYPE = YES_ERROR;
				GCC_WARN_UNDECLARED_SELECTOR = YES;
				GCC_WARN_UNINITIALIZED_AUTOS = YES_AGGRESSIVE;
				GCC_WARN_UNUSED_FUNCTION = YES;
				GCC_WARN_UNUSED_VARIABLE = YES;
				IPHONEOS_DEPLOYMENT_TARGET = 11.2;
				MTL_ENABLE_DEBUG_INFO = NO;
				SDKROOT = iphoneos;
				SWIFT_OPTIMIZATION_LEVEL = "-Owholemodule";
				VALIDATE_PRODUCT = YES;
			};
			name = Release;
		};
		7E12AA351FFFB10600F2F491 /* Debug */ = {
			isa = XCBuildConfiguration;
			buildSettings = {
				ASSETCATALOG_COMPILER_APPICON_NAME = AppIcon;
				CODE_SIGN_STYLE = Automatic;
				DEVELOPMENT_TEAM = R3XK6DH5HY;
				INFOPLIST_FILE = HelloWorld/Info.plist;
				LD_RUNPATH_SEARCH_PATHS = "$(inherited) @executable_path/Frameworks";
				PRODUCT_BUNDLE_IDENTIFIER = com.practice.HelloWorld;
				PRODUCT_NAME = "$(TARGET_NAME)";
				SWIFT_VERSION = 4.0;
				TARGETED_DEVICE_FAMILY = "1,2";
			};
			name = Debug;
		};
		7E12AA361FFFB10600F2F491 /* Release */ = {
			isa = XCBuildConfiguration;
			buildSettings = {
				ASSETCATALOG_COMPILER_APPICON_NAME = AppIcon;
				CODE_SIGN_STYLE = Automatic;
				DEVELOPMENT_TEAM = R3XK6DH5HY;
				INFOPLIST_FILE = HelloWorld/Info.plist;
				LD_RUNPATH_SEARCH_PATHS = "$(inherited) @executable_path/Frameworks";
				PRODUCT_BUNDLE_IDENTIFIER = com.practice.HelloWorld;
				PRODUCT_NAME = "$(TARGET_NAME)";
				SWIFT_VERSION = 4.0;
				TARGETED_DEVICE_FAMILY = "1,2";
			};
			name = Release;
		};
		7E12AA381FFFB10600F2F491 /* Debug */ = {
			isa = XCBuildConfiguration;
			buildSettings = {
				ALWAYS_EMBED_SWIFT_STANDARD_LIBRARIES = YES;
				BUNDLE_LOADER = "$(TEST_HOST)";
				CODE_SIGN_STYLE = Automatic;
				DEVELOPMENT_TEAM = R3XK6DH5HY;
				INFOPLIST_FILE = HelloWorldTests/Info.plist;
				LD_RUNPATH_SEARCH_PATHS = "$(inherited) @executable_path/Frameworks @loader_path/Frameworks";
				PRODUCT_BUNDLE_IDENTIFIER = com.practice.HelloWorldTests;
				PRODUCT_NAME = "$(TARGET_NAME)";
				SWIFT_VERSION = 4.0;
				TARGETED_DEVICE_FAMILY = "1,2";
				TEST_HOST = "$(BUILT_PRODUCTS_DIR)/HelloWorld.app/HelloWorld";
			};
			name = Debug;
		};
		7E12AA391FFFB10600F2F491 /* Release */ = {
			isa = XCBuildConfiguration;
			buildSettings = {
				ALWAYS_EMBED_SWIFT_STANDARD_LIBRARIES = YES;
				BUNDLE_LOADER = "$(TEST_HOST)";
				CODE_SIGN_STYLE = Automatic;
				DEVELOPMENT_TEAM = R3XK6DH5HY;
				INFOPLIST_FILE = HelloWorldTests/Info.plist;
				LD_RUNPATH_SEARCH_PATHS = "$(inherited) @executable_path/Frameworks @loader_path/Frameworks";
				PRODUCT_BUNDLE_IDENTIFIER = com.practice.HelloWorldTests;
				PRODUCT_NAME = "$(TARGET_NAME)";
				SWIFT_VERSION = 4.0;
				TARGETED_DEVICE_FAMILY = "1,2";
				TEST_HOST = "$(BUILT_PRODUCTS_DIR)/HelloWorld.app/HelloWorld";
			};
			name = Release;
		};
		7E12AA3B1FFFB10600F2F491 /* Debug */ = {
			isa = XCBuildConfiguration;
			buildSettings = {
				ALWAYS_EMBED_SWIFT_STANDARD_LIBRARIES = YES;
				CODE_SIGN_STYLE = Automatic;
				DEVELOPMENT_TEAM = R3XK6DH5HY;
				INFOPLIST_FILE = HelloWorldUITests/Info.plist;
				LD_RUNPATH_SEARCH_PATHS = "$(inherited) @executable_path/Frameworks @loader_path/Frameworks";
				PRODUCT_BUNDLE_IDENTIFIER = com.practice.HelloWorldUITests;
				PRODUCT_NAME = "$(TARGET_NAME)";
				SWIFT_VERSION = 4.0;
				TARGETED_DEVICE_FAMILY = "1,2";
				TEST_TARGET_NAME = HelloWorld;
			};
			name = Debug;
		};
		7E12AA3C1FFFB10600F2F491 /* Release */ = {
			isa = XCBuildConfiguration;
			buildSettings = {
				ALWAYS_EMBED_SWIFT_STANDARD_LIBRARIES = YES;
				CODE_SIGN_STYLE = Automatic;
				DEVELOPMENT_TEAM = R3XK6DH5HY;
				INFOPLIST_FILE = HelloWorldUITests/Info.plist;
				LD_RUNPATH_SEARCH_PATHS = "$(inherited) @executable_path/Frameworks @loader_path/Frameworks";
				PRODUCT_BUNDLE_IDENTIFIER = com.practice.HelloWorldUITests;
				PRODUCT_NAME = "$(TARGET_NAME)";
				SWIFT_VERSION = 4.0;
				TARGETED_DEVICE_FAMILY = "1,2";
				TEST_TARGET_NAME = HelloWorld;
			};
			name = Release;
		};
/* End XCBuildConfiguration section */

/* Begin XCConfigurationList section */
		7E12AA071FFFB10500F2F491 /* Build configuration list for PBXProject "HelloWorld" */ = {
			isa = XCConfigurationList;
			buildConfigurations = (
				7E12AA321FFFB10600F2F491 /* Debug */,
				7E12AA331FFFB10600F2F491 /* Release */,
			);
			defaultConfigurationIsVisible = 0;
			defaultConfigurationName = Release;
		};
		7E12AA341FFFB10600F2F491 /* Build configuration list for PBXNativeTarget "HelloWorld" */ = {
			isa = XCConfigurationList;
			buildConfigurations = (
				7E12AA351FFFB10600F2F491 /* Debug */,
				7E12AA361FFFB10600F2F491 /* Release */,
			);
			defaultConfigurationIsVisible = 0;
			defaultConfigurationName = Release;
		};
		7E12AA371FFFB10600F2F491 /* Build configuration list for PBXNativeTarget "HelloWorldTests" */ = {
			isa = XCConfigurationList;
			buildConfigurations = (
				7E12AA381FFFB10600F2F491 /* Debug */,
				7E12AA391FFFB10600F2F491 /* Release */,
			);
			defaultConfigurationIsVisible = 0;
			defaultConfigurationName = Release;
		};
		7E12AA3A1FFFB10600F2F491 /* Build configuration list for PBXNativeTarget "HelloWorldUITests" */ = {
			isa = XCConfigurationList;
			buildConfigurations = (
				7E12AA3B1FFFB10600F2F491 /* Debug */,
				7E12AA3C1FFFB10600F2F491 /* Release */,
			);
			defaultConfigurationIsVisible = 0;
			defaultConfigurationName = Release;
		};
/* End XCConfigurationList section */
	};
	rootObject = 7E12AA041FFFB10500F2F491 /* Project object */;
}
